
Microsoft Visual Studio Solution File, Format Version 12.00
# Visual Studio Version 16
VisualStudioVersion = 16.0.29613.14
MinimumVisualStudioVersion = 10.0.40219.1
Project("{2150E333-8FDC-42A3-9474-1A3956D46DE8}") = "0. Abstractions", "0. Abstractions", "{1662AF8F-84E5-4B45-A1B6-A4BC016F30C6}"
EndProject
Project("{2150E333-8FDC-42A3-9474-1A3956D46DE8}") = "1. Domain", "1. Domain", "{9139014F-B649-4317-A1E9-70E7E8D84D0D}"
EndProject
Project("{2150E333-8FDC-42A3-9474-1A3956D46DE8}") = "2. Api", "2. Api", "{78C6074E-75B5-448F-A58A-25349E7B6251}"
EndProject
Project("{9A19103F-16F7-4668-BE54-9A1E7A4F7556}") = "OpsBro.Abstractions", "OpsBro.Abstractions\OpsBro.Abstractions.csproj", "{05EB1794-2067-4128-A1E3-26ABE8497357}"
EndProject
Project("{9A19103F-16F7-4668-BE54-9A1E7A4F7556}") = "OpsBro.Domain", "OpsBro.Domain\OpsBro.Domain.csproj", "{967F1B49-7852-4882-A4CE-657CDA248074}"
EndProject
Project("{9A19103F-16F7-4668-BE54-9A1E7A4F7556}") = "OpsBro.Domain.Tests", "OpsBro.Domain.Tests\OpsBro.Domain.Tests.csproj", "{153FDD20-BCCF-428E-B343-6C75585B2592}"
EndProject
Project("{9A19103F-16F7-4668-BE54-9A1E7A4F7556}") = "OpsBro.Api", "OpsBro.Api\OpsBro.Api.csproj", "{9F977244-CBEF-41CA-9DC5-FCDC231AC618}"
EndProject
Global
	GlobalSection(SolutionConfigurationPlatforms) = preSolution
		Debug|Any CPU = Debug|Any CPU
		Release|Any CPU = Release|Any CPU
	EndGlobalSection
	GlobalSection(ProjectConfigurationPlatforms) = postSolution
		{05EB1794-2067-4128-A1E3-26ABE8497357}.Debug|Any CPU.ActiveCfg = Debug|Any CPU
		{05EB1794-2067-4128-A1E3-26ABE8497357}.Debug|Any CPU.Build.0 = Debug|Any CPU
		{05EB1794-2067-4128-A1E3-26ABE8497357}.Release|Any CPU.ActiveCfg = Release|Any CPU
		{05EB1794-2067-4128-A1E3-26ABE8497357}.Release|Any CPU.Build.0 = Release|Any CPU
		{967F1B49-7852-4882-A4CE-657CDA248074}.Debug|Any CPU.ActiveCfg = Debug|Any CPU
		{967F1B49-7852-4882-A4CE-657CDA248074}.Debug|Any CPU.Build.0 = Debug|Any CPU
		{967F1B49-7852-4882-A4CE-657CDA248074}.Release|Any CPU.ActiveCfg = Release|Any CPU
		{967F1B49-7852-4882-A4CE-657CDA248074}.Release|Any CPU.Build.0 = Release|Any CPU
		{153FDD20-BCCF-428E-B343-6C75585B2592}.Debug|Any CPU.ActiveCfg = Debug|Any CPU
		{153FDD20-BCCF-428E-B343-6C75585B2592}.Debug|Any CPU.Build.0 = Debug|Any CPU
		{153FDD20-BCCF-428E-B343-6C75585B2592}.Release|Any CPU.ActiveCfg = Release|Any CPU
		{153FDD20-BCCF-428E-B343-6C75585B2592}.Release|Any CPU.Build.0 = Release|Any CPU
		{9F977244-CBEF-41CA-9DC5-FCDC231AC618}.Debug|Any CPU.ActiveCfg = Debug|Any CPU
		{9F977244-CBEF-41CA-9DC5-FCDC231AC618}.Debug|Any CPU.Build.0 = Debug|Any CPU
		{9F977244-CBEF-41CA-9DC5-FCDC231AC618}.Release|Any CPU.ActiveCfg = Release|Any CPU
		{9F977244-CBEF-41CA-9DC5-FCDC231AC618}.Release|Any CPU.Build.0 = Release|Any CPU
	EndGlobalSection
	GlobalSection(SolutionProperties) = preSolution
		HideSolutionNode = FALSE
	EndGlobalSection
	GlobalSection(NestedProjects) = preSolution
		{05EB1794-2067-4128-A1E3-26ABE8497357} = {1662AF8F-84E5-4B45-A1B6-A4BC016F30C6}
		{967F1B49-7852-4882-A4CE-657CDA248074} = {9139014F-B649-4317-A1E9-70E7E8D84D0D}
		{153FDD20-BCCF-428E-B343-6C75585B2592} = {9139014F-B649-4317-A1E9-70E7E8D84D0D}
		{9F977244-CBEF-41CA-9DC5-FCDC231AC618} = {78C6074E-75B5-448F-A58A-25349E7B6251}
	EndGlobalSection
	GlobalSection(ExtensibilityGlobals) = postSolution
		SolutionGuid = {37B0CFF6-4ED1-4FA0-8792-0017E8ED4EB5}
	EndGlobalSection
EndGlobal
